// !$*UTF8*$!
{
	archiveVersion = 1;
	classes = {
	};
	objectVersion = 48;
	objects = {

/* Begin PBXBuildFile section */
		912BEA1E028B4B2DB12C649E /* Pods_Remindy.framework in Frameworks */ = {isa = PBXBuildFile; fileRef = CA30B45CAE6A0DFDFE706C82 /* Pods_Remindy.framework */; };
		A50F410120475E9B000394AB /* CategoryViewController.swift in Sources */ = {isa = PBXBuildFile; fileRef = A50F410020475E9B000394AB /* CategoryViewController.swift */; };
		A5269850204AAAA500054820 /* SwipeTableViewController.swift in Sources */ = {isa = PBXBuildFile; fileRef = A526984F204AAAA500054820 /* SwipeTableViewController.swift */; };
		A59ED18E2049FD9900742557 /* ReminderItem.swift in Sources */ = {isa = PBXBuildFile; fileRef = A59ED18D2049FD9900742557 /* ReminderItem.swift */; };
		A59ED1902049FDAD00742557 /* Category.swift in Sources */ = {isa = PBXBuildFile; fileRef = A59ED18F2049FDAD00742557 /* Category.swift */; };
		A5A1A29C2038F6DB00E983F2 /* AppDelegate.swift in Sources */ = {isa = PBXBuildFile; fileRef = A5A1A29B2038F6DB00E983F2 /* AppDelegate.swift */; };
		A5A1A29E2038F6DB00E983F2 /* ReminderListViewController.swift in Sources */ = {isa = PBXBuildFile; fileRef = A5A1A29D2038F6DB00E983F2 /* ReminderListViewController.swift */; };
		A5A1A2A12038F6DB00E983F2 /* Main.storyboard in Resources */ = {isa = PBXBuildFile; fileRef = A5A1A29F2038F6DB00E983F2 /* Main.storyboard */; };
		A5A1A2A32038F6DB00E983F2 /* Assets.xcassets in Resources */ = {isa = PBXBuildFile; fileRef = A5A1A2A22038F6DB00E983F2 /* Assets.xcassets */; };
		A5A1A2A62038F6DB00E983F2 /* LaunchScreen.storyboard in Resources */ = {isa = PBXBuildFile; fileRef = A5A1A2A42038F6DB00E983F2 /* LaunchScreen.storyboard */; };
/* End PBXBuildFile section */

/* Begin PBXFileReference section */
		6D9A92BD8709E9FFDBD5E0BD /* Pods-Remindy.debug.xcconfig */ = {isa = PBXFileReference; includeInIndex = 1; lastKnownFileType = text.xcconfig; name = "Pods-Remindy.debug.xcconfig"; path = "Pods/Target Support Files/Pods-Remindy/Pods-Remindy.debug.xcconfig"; sourceTree = "<group>"; };
		A064F7F2DE1E63344809BC48 /* Pods-Remindy.release.xcconfig */ = {isa = PBXFileReference; includeInIndex = 1; lastKnownFileType = text.xcconfig; name = "Pods-Remindy.release.xcconfig"; path = "Pods/Target Support Files/Pods-Remindy/Pods-Remindy.release.xcconfig"; sourceTree = "<group>"; };
		A50F410020475E9B000394AB /* CategoryViewController.swift */ = {isa = PBXFileReference; lastKnownFileType = sourcecode.swift; path = CategoryViewController.swift; sourceTree = "<group>"; };
		A526984F204AAAA500054820 /* SwipeTableViewController.swift */ = {isa = PBXFileReference; lastKnownFileType = sourcecode.swift; path = SwipeTableViewController.swift; sourceTree = "<group>"; };
		A59ED18D2049FD9900742557 /* ReminderItem.swift */ = {isa = PBXFileReference; lastKnownFileType = sourcecode.swift; path = ReminderItem.swift; sourceTree = "<group>"; };
		A59ED18F2049FDAD00742557 /* Category.swift */ = {isa = PBXFileReference; lastKnownFileType = sourcecode.swift; path = Category.swift; sourceTree = "<group>"; };
		A5A1A2982038F6DB00E983F2 /* Remindy.app */ = {isa = PBXFileReference; explicitFileType = wrapper.application; includeInIndex = 0; path = Remindy.app; sourceTree = BUILT_PRODUCTS_DIR; };
		A5A1A29B2038F6DB00E983F2 /* AppDelegate.swift */ = {isa = PBXFileReference; lastKnownFileType = sourcecode.swift; path = AppDelegate.swift; sourceTree = "<group>"; };
		A5A1A29D2038F6DB00E983F2 /* ReminderListViewController.swift */ = {isa = PBXFileReference; lastKnownFileType = sourcecode.swift; path = ReminderListViewController.swift; sourceTree = "<group>"; };
		A5A1A2A02038F6DB00E983F2 /* Base */ = {isa = PBXFileReference; lastKnownFileType = file.storyboard; name = Base; path = Base.lproj/Main.storyboard; sourceTree = "<group>"; };
		A5A1A2A22038F6DB00E983F2 /* Assets.xcassets */ = {isa = PBXFileReference; lastKnownFileType = folder.assetcatalog; path = Assets.xcassets; sourceTree = "<group>"; };
		A5A1A2A52038F6DB00E983F2 /* Base */ = {isa = PBXFileReference; lastKnownFileType = file.storyboard; name = Base; path = Base.lproj/LaunchScreen.storyboard; sourceTree = "<group>"; };
		A5A1A2A72038F6DB00E983F2 /* Info.plist */ = {isa = PBXFileReference; lastKnownFileType = text.plist.xml; path = Info.plist; sourceTree = "<group>"; };
		CA30B45CAE6A0DFDFE706C82 /* Pods_Remindy.framework */ = {isa = PBXFileReference; explicitFileType = wrapper.framework; includeInIndex = 0; path = Pods_Remindy.framework; sourceTree = BUILT_PRODUCTS_DIR; };
/* End PBXFileReference section */

/* Begin PBXFrameworksBuildPhase section */
		A5A1A2952038F6DB00E983F2 /* Frameworks */ = {
			isa = PBXFrameworksBuildPhase;
			buildActionMask = 2147483647;
			files = (
				912BEA1E028B4B2DB12C649E /* Pods_Remindy.framework in Frameworks */,
			);
			runOnlyForDeploymentPostprocessing = 0;
		};
/* End PBXFrameworksBuildPhase section */

/* Begin PBXGroup section */
		6E20C8D80E13ADCF85AE0AA0 /* Pods */ = {
			isa = PBXGroup;
			children = (
				6D9A92BD8709E9FFDBD5E0BD /* Pods-Remindy.debug.xcconfig */,
				A064F7F2DE1E63344809BC48 /* Pods-Remindy.release.xcconfig */,
			);
			name = Pods;
			sourceTree = "<group>";
		};
		816BD73262164D112FF6913B /* Frameworks */ = {
			isa = PBXGroup;
			children = (
				CA30B45CAE6A0DFDFE706C82 /* Pods_Remindy.framework */,
			);
			name = Frameworks;
			sourceTree = "<group>";
		};
		A57B3098203B570700EC316B /* Model */ = {
			isa = PBXGroup;
			children = (
				A59ED18F2049FDAD00742557 /* Category.swift */,
				A59ED18D2049FD9900742557 /* ReminderItem.swift */,
			);
			path = Model;
			sourceTree = "<group>";
		};
		A57B3099203B571C00EC316B /* Controller */ = {
			isa = PBXGroup;
			children = (
				A50F410020475E9B000394AB /* CategoryViewController.swift */,
				A5A1A29D2038F6DB00E983F2 /* ReminderListViewController.swift */,
				A526984F204AAAA500054820 /* SwipeTableViewController.swift */,
			);
			path = Controller;
			sourceTree = "<group>";
		};
		A57B309A203B573700EC316B /* View */ = {
			isa = PBXGroup;
			children = (
				A5A1A29F2038F6DB00E983F2 /* Main.storyboard */,
			);
			path = View;
			sourceTree = "<group>";
		};
		A57B309B203B574A00EC316B /* Supporting Files */ = {
			isa = PBXGroup;
			children = (
				A5A1A2A22038F6DB00E983F2 /* Assets.xcassets */,
				A5A1A2A42038F6DB00E983F2 /* LaunchScreen.storyboard */,
			);
			path = "Supporting Files";
			sourceTree = "<group>";
		};
		A5A1A28F2038F6DB00E983F2 = {
			isa = PBXGroup;
			children = (
				A5A1A29A2038F6DB00E983F2 /* Remindy */,
				A5A1A2992038F6DB00E983F2 /* Products */,
				6E20C8D80E13ADCF85AE0AA0 /* Pods */,
				816BD73262164D112FF6913B /* Frameworks */,
			);
			sourceTree = "<group>";
		};
		A5A1A2992038F6DB00E983F2 /* Products */ = {
			isa = PBXGroup;
			children = (
				A5A1A2982038F6DB00E983F2 /* Remindy.app */,
			);
			name = Products;
			sourceTree = "<group>";
		};
		A5A1A29A2038F6DB00E983F2 /* Remindy */ = {
			isa = PBXGroup;
			children = (
				A5A1A29B2038F6DB00E983F2 /* AppDelegate.swift */,
				A57B3099203B571C00EC316B /* Controller */,
				A57B309A203B573700EC316B /* View */,
				A57B309B203B574A00EC316B /* Supporting Files */,
				A5A1A2A72038F6DB00E983F2 /* Info.plist */,
				A57B3098203B570700EC316B /* Model */,
			);
			path = Remindy;
			sourceTree = "<group>";
		};
/* End PBXGroup section */

/* Begin PBXNativeTarget section */
		A5A1A2972038F6DB00E983F2 /* Remindy */ = {
			isa = PBXNativeTarget;
			buildConfigurationList = A5A1A2AA2038F6DB00E983F2 /* Build configuration list for PBXNativeTarget "Remindy" */;
			buildPhases = (
				C52A7C1A977AD7C362686B7E /* [CP] Check Pods Manifest.lock */,
				A5A1A2942038F6DB00E983F2 /* Sources */,
				A5A1A2952038F6DB00E983F2 /* Frameworks */,
				A5A1A2962038F6DB00E983F2 /* Resources */,
				44E7CD5DF12F84F6649AEAB8 /* [CP] Embed Pods Frameworks */,
				4CF62102CE7CACE638CF12C5 /* [CP] Copy Pods Resources */,
			);
			buildRules = (
			);
			dependencies = (
			);
			name = Remindy;
			productName = Remindy;
			productReference = A5A1A2982038F6DB00E983F2 /* Remindy.app */;
			productType = "com.apple.product-type.application";
		};
/* End PBXNativeTarget section */

/* Begin PBXProject section */
		A5A1A2902038F6DB00E983F2 /* Project object */ = {
			isa = PBXProject;
			attributes = {
				LastSwiftUpdateCheck = 0920;
				LastUpgradeCheck = 0920;
				ORGANIZATIONNAME = "Priit Pärl";
				TargetAttributes = {
					A5A1A2972038F6DB00E983F2 = {
						CreatedOnToolsVersion = 9.2;
						ProvisioningStyle = Automatic;
					};
				};
			};
			buildConfigurationList = A5A1A2932038F6DB00E983F2 /* Build configuration list for PBXProject "Remindy" */;
			compatibilityVersion = "Xcode 8.0";
			developmentRegion = en;
			hasScannedForEncodings = 0;
			knownRegions = (
				en,
				Base,
			);
			mainGroup = A5A1A28F2038F6DB00E983F2;
			productRefGroup = A5A1A2992038F6DB00E983F2 /* Products */;
			projectDirPath = "";
			projectRoot = "";
			targets = (
				A5A1A2972038F6DB00E983F2 /* Remindy */,
			);
		};
/* End PBXProject section */

/* Begin PBXResourcesBuildPhase section */
		A5A1A2962038F6DB00E983F2 /* Resources */ = {
			isa = PBXResourcesBuildPhase;
			buildActionMask = 2147483647;
			files = (
				A5A1A2A62038F6DB00E983F2 /* LaunchScreen.storyboard in Resources */,
				A5A1A2A32038F6DB00E983F2 /* Assets.xcassets in Resources */,
				A5A1A2A12038F6DB00E983F2 /* Main.storyboard in Resources */,
			);
			runOnlyForDeploymentPostprocessing = 0;
		};
/* End PBXResourcesBuildPhase section */

/* Begin PBXShellScriptBuildPhase section */
		44E7CD5DF12F84F6649AEAB8 /* [CP] Embed Pods Frameworks */ = {
			isa = PBXShellScriptBuildPhase;
			buildActionMask = 2147483647;
			files = (
			);
			inputPaths = (
				"${SRCROOT}/Pods/Target Support Files/Pods-Remindy/Pods-Remindy-frameworks.sh",
				"${BUILT_PRODUCTS_DIR}/ChameleonFramework/ChameleonFramework.framework",
				"${BUILT_PRODUCTS_DIR}/Realm/Realm.framework",
				"${BUILT_PRODUCTS_DIR}/RealmSwift/RealmSwift.framework",
				"${BUILT_PRODUCTS_DIR}/SwipeCellKit/SwipeCellKit.framework",
			);
			name = "[CP] Embed Pods Frameworks";
			outputPaths = (
				"${TARGET_BUILD_DIR}/${FRAMEWORKS_FOLDER_PATH}/ChameleonFramework.framework",
				"${TARGET_BUILD_DIR}/${FRAMEWORKS_FOLDER_PATH}/Realm.framework",
				"${TARGET_BUILD_DIR}/${FRAMEWORKS_FOLDER_PATH}/RealmSwift.framework",
				"${TARGET_BUILD_DIR}/${FRAMEWORKS_FOLDER_PATH}/SwipeCellKit.framework",
			);
			runOnlyForDeploymentPostprocessing = 0;
			shellPath = /bin/sh;
			shellScript = "\"${SRCROOT}/Pods/Target Support Files/Pods-Remindy/Pods-Remindy-frameworks.sh\"\n";
			showEnvVarsInLog = 0;
		};
		4CF62102CE7CACE638CF12C5 /* [CP] Copy Pods Resources */ = {
			isa = PBXShellScriptBuildPhase;
			buildActionMask = 2147483647;
			files = (
			);
			inputPaths = (
			);
			name = "[CP] Copy Pods Resources";
			outputPaths = (
			);
			runOnlyForDeploymentPostprocessing = 0;
			shellPath = /bin/sh;
			shellScript = "\"${SRCROOT}/Pods/Target Support Files/Pods-Remindy/Pods-Remindy-resources.sh\"\n";
			showEnvVarsInLog = 0;
		};
		C52A7C1A977AD7C362686B7E /* [CP] Check Pods Manifest.lock */ = {
			isa = PBXShellScriptBuildPhase;
			buildActionMask = 2147483647;
			files = (
			);
			inputPaths = (
				"${PODS_PODFILE_DIR_PATH}/Podfile.lock",
				"${PODS_ROOT}/Manifest.lock",
			);
			name = "[CP] Check Pods Manifest.lock";
			outputPaths = (
				"$(DERIVED_FILE_DIR)/Pods-Remindy-checkManifestLockResult.txt",
			);
			runOnlyForDeploymentPostprocessing = 0;
			shellPath = /bin/sh;
			shellScript = "diff \"${PODS_PODFILE_DIR_PATH}/Podfile.lock\" \"${PODS_ROOT}/Manifest.lock\" > /dev/null\nif [ $? != 0 ] ; then\n    # print error to STDERR\n    echo \"error: The sandbox is not in sync with the Podfile.lock. Run 'pod install' or update your CocoaPods installation.\" >&2\n    exit 1\nfi\n# This output is used by Xcode 'outputs' to avoid re-running this script phase.\necho \"SUCCESS\" > \"${SCRIPT_OUTPUT_FILE_0}\"\n";
			showEnvVarsInLog = 0;
		};
/* End PBXShellScriptBuildPhase section */

/* Begin PBXSourcesBuildPhase section */
		A5A1A2942038F6DB00E983F2 /* Sources */ = {
			isa = PBXSourcesBuildPhase;
			buildActionMask = 2147483647;
			files = (
				A59ED18E2049FD9900742557 /* ReminderItem.swift in Sources */,
				A50F410120475E9B000394AB /* CategoryViewController.swift in Sources */,
				A5A1A29E2038F6DB00E983F2 /* ReminderListViewController.swift in Sources */,
				A5A1A29C2038F6DB00E983F2 /* AppDelegate.swift in Sources */,
				A5269850204AAAA500054820 /* SwipeTableViewController.swift in Sources */,
				A59ED1902049FDAD00742557 /* Category.swift in Sources */,
			);
			runOnlyForDeploymentPostprocessing = 0;
		};
/* End PBXSourcesBuildPhase section */

/* Begin PBXVariantGroup section */
		A5A1A29F2038F6DB00E983F2 /* Main.storyboard */ = {
			isa = PBXVariantGroup;
			children = (
				A5A1A2A02038F6DB00E983F2 /* Base */,
			);
			name = Main.storyboard;
			sourceTree = "<group>";
		};
		A5A1A2A42038F6DB00E983F2 /* LaunchScreen.storyboard */ = {
			isa = PBXVariantGroup;
			children = (
				A5A1A2A52038F6DB00E983F2 /* Base */,
			);
			name = LaunchScreen.storyboard;
			sourceTree = "<group>";
		};
/* End PBXVariantGroup section */

/* Begin XCBuildConfiguration section */
		A5A1A2A82038F6DB00E983F2 /* Debug */ = {
			isa = XCBuildConfiguration;
			buildSettings = {
				ALWAYS_SEARCH_USER_PATHS = NO;
				CLANG_ANALYZER_NONNULL = YES;
				CLANG_ANALYZER_NUMBER_OBJECT_CONVERSION = YES_AGGRESSIVE;
				CLANG_CXX_LANGUAGE_STANDARD = "gnu++14";
				CLANG_CXX_LIBRARY = "libc++";
				CLANG_ENABLE_MODULES = YES;
				CLANG_ENABLE_OBJC_ARC = YES;
				CLANG_WARN_BLOCK_CAPTURE_AUTORELEASING = YES;
				CLANG_WARN_BOOL_CONVERSION = YES;
				CLANG_WARN_COMMA = YES;
				CLANG_WARN_CONSTANT_CONVERSION = YES;
				CLANG_WARN_DIRECT_OBJC_ISA_USAGE = YES_ERROR;
				CLANG_WARN_DOCUMENTATION_COMMENTS = YES;
				CLANG_WARN_EMPTY_BODY = YES;
				CLANG_WARN_ENUM_CONVERSION = YES;
				CLANG_WARN_INFINITE_RECURSION = YES;
				CLANG_WARN_INT_CONVERSION = YES;
				CLANG_WARN_NON_LITERAL_NULL_CONVERSION = YES;
				CLANG_WARN_OBJC_LITERAL_CONVERSION = YES;
				CLANG_WARN_OBJC_ROOT_CLASS = YES_ERROR;
				CLANG_WARN_RANGE_LOOP_ANALYSIS = YES;
				CLANG_WARN_STRICT_PROTOTYPES = YES;
				CLANG_WARN_SUSPICIOUS_MOVE = YES;
				CLANG_WARN_UNGUARDED_AVAILABILITY = YES_AGGRESSIVE;
				CLANG_WARN_UNREACHABLE_CODE = YES;
				CLANG_WARN__DUPLICATE_METHOD_MATCH = YES;
				CODE_SIGN_IDENTITY = "iPhone Developer";
				COPY_PHASE_STRIP = NO;
				DEBUG_INFORMATION_FORMAT = dwarf;
				ENABLE_STRICT_OBJC_MSGSEND = YES;
				ENABLE_TESTABILITY = YES;
				GCC_C_LANGUAGE_STANDARD = gnu11;
				GCC_DYNAMIC_NO_PIC = NO;
				GCC_NO_COMMON_BLOCKS = YES;
				GCC_OPTIMIZATION_LEVEL = 0;
				GCC_PREPROCESSOR_DEFINITIONS = (
					"DEBUG=1",
					"$(inherited)",
				);
				GCC_WARN_64_TO_32_BIT_CONVERSION = YES;
				GCC_WARN_ABOUT_RETURN_TYPE = YES_ERROR;
				GCC_WARN_UNDECLARED_SELECTOR = YES;
				GCC_WARN_UNINITIALIZED_AUTOS = YES_AGGRESSIVE;
				GCC_WARN_UNUSED_FUNCTION = YES;
				GCC_WARN_UNUSED_VARIABLE = YES;
				IPHONEOS_DEPLOYMENT_TARGET = 11.2;
				MTL_ENABLE_DEBUG_INFO = YES;
				ONLY_ACTIVE_ARCH = YES;
				SDKROOT = iphoneos;
				SWIFT_ACTIVE_COMPILATION_CONDITIONS = DEBUG;
				SWIFT_OPTIMIZATION_LEVEL = "-Onone";
			};
			name = Debug;
		};
		A5A1A2A92038F6DB00E983F2 /* Release */ = {
			isa = XCBuildConfiguration;
			buildSettings = {
				ALWAYS_SEARCH_USER_PATHS = NO;
				CLANG_ANALYZER_NONNULL = YES;
				CLANG_ANALYZER_NUMBER_OBJECT_CONVERSION = YES_AGGRESSIVE;
				CLANG_CXX_LANGUAGE_STANDARD = "gnu++14";
				CLANG_CXX_LIBRARY = "libc++";
				CLANG_ENABLE_MODULES = YES;
				CLANG_ENABLE_OBJC_ARC = YES;
				CLANG_WARN_BLOCK_CAPTURE_AUTORELEASING = YES;
				CLANG_WARN_BOOL_CONVERSION = YES;
				CLANG_WARN_COMMA = YES;
				CLANG_WARN_CONSTANT_CONVERSION = YES;
				CLANG_WARN_DIRECT_OBJC_ISA_USAGE = YES_ERROR;
				CLANG_WARN_DOCUMENTATION_COMMENTS = YES;
				CLANG_WARN_EMPTY_BODY = YES;
				CLANG_WARN_ENUM_CONVERSION = YES;
				CLANG_WARN_INFINITE_RECURSION = YES;
				CLANG_WARN_INT_CONVERSION = YES;
				CLANG_WARN_NON_LITERAL_NULL_CONVERSION = YES;
				CLANG_WARN_OBJC_LITERAL_CONVERSION = YES;
				CLANG_WARN_OBJC_ROOT_CLASS = YES_ERROR;
				CLANG_WARN_RANGE_LOOP_ANALYSIS = YES;
				CLANG_WARN_STRICT_PROTOTYPES = YES;
				CLANG_WARN_SUSPICIOUS_MOVE = YES;
				CLANG_WARN_UNGUARDED_AVAILABILITY = YES_AGGRESSIVE;
				CLANG_WARN_UNREACHABLE_CODE = YES;
				CLANG_WARN__DUPLICATE_METHOD_MATCH = YES;
				CODE_SIGN_IDENTITY = "iPhone Developer";
				COPY_PHASE_STRIP = NO;
				DEBUG_INFORMATION_FORMAT = "dwarf-with-dsym";
				ENABLE_NS_ASSERTIONS = NO;
				ENABLE_STRICT_OBJC_MSGSEND = YES;
				GCC_C_LANGUAGE_STANDARD = gnu11;
				GCC_NO_COMMON_BLOCKS = YES;
				GCC_WARN_64_TO_32_BIT_CONVERSION = YES;
				GCC_WARN_ABOUT_RETURN_TYPE = YES_ERROR;
				GCC_WARN_UNDECLARED_SELECTOR = YES;
				GCC_WARN_UNINITIALIZED_AUTOS = YES_AGGRESSIVE;
				GCC_WARN_UNUSED_FUNCTION = YES;
				GCC_WARN_UNUSED_VARIABLE = YES;
				IPHONEOS_DEPLOYMENT_TARGET = 11.2;
				MTL_ENABLE_DEBUG_INFO = NO;
				SDKROOT = iphoneos;
				SWIFT_OPTIMIZATION_LEVEL = "-Owholemodule";
				VALIDATE_PRODUCT = YES;
			};
			name = Release;
		};
		A5A1A2AB2038F6DB00E983F2 /* Debug */ = {
			isa = XCBuildConfiguration;
			baseConfigurationReference = 6D9A92BD8709E9FFDBD5E0BD /* Pods-Remindy.debug.xcconfig */;
			buildSettings = {
				ASSETCATALOG_COMPILER_APPICON_NAME = AppIcon;
				CODE_SIGN_STYLE = Automatic;
				DEVELOPMENT_TEAM = 446QLL5K6X;
				INFOPLIST_FILE = Remindy/Info.plist;
				IPHONEOS_DEPLOYMENT_TARGET = 10.0;
				LD_RUNPATH_SEARCH_PATHS = "$(inherited) @executable_path/Frameworks";
				PRODUCT_BUNDLE_IDENTIFIER = com.parlp.Remindy;
				PRODUCT_NAME = "$(TARGET_NAME)";
				SWIFT_VERSION = 4.0;
				TARGETED_DEVICE_FAMILY = "1,2";
			};
			name = Debug;
		};
		A5A1A2AC2038F6DB00E983F2 /* Release */ = {
			isa = XCBuildConfiguration;
			baseConfigurationReference = A064F7F2DE1E63344809BC48 /* Pods-Remindy.release.xcconfig */;
			buildSettings = {
				ASSETCATALOG_COMPILER_APPICON_NAME = AppIcon;
				CODE_SIGN_STYLE = Automatic;
				DEVELOPMENT_TEAM = 446QLL5K6X;
				INFOPLIST_FILE = Remindy/Info.plist;
				IPHONEOS_DEPLOYMENT_TARGET = 10.0;
				LD_RUNPATH_SEARCH_PATHS = "$(inherited) @executable_path/Frameworks";
				PRODUCT_BUNDLE_IDENTIFIER = com.parlp.Remindy;
				PRODUCT_NAME = "$(TARGET_NAME)";
				SWIFT_VERSION = 4.0;
				TARGETED_DEVICE_FAMILY = "1,2";
			};
			name = Release;
		};
/* End XCBuildConfiguration section */

/* Begin XCConfigurationList section */
		A5A1A2932038F6DB00E983F2 /* Build configuration list for PBXProject "Remindy" */ = {
			isa = XCConfigurationList;
			buildConfigurations = (
				A5A1A2A82038F6DB00E983F2 /* Debug */,
				A5A1A2A92038F6DB00E983F2 /* Release */,
			);
			defaultConfigurationIsVisible = 0;
			defaultConfigurationName = Release;
		};
		A5A1A2AA2038F6DB00E983F2 /* Build configuration list for PBXNativeTarget "Remindy" */ = {
			isa = XCConfigurationList;
			buildConfigurations = (
				A5A1A2AB2038F6DB00E983F2 /* Debug */,
				A5A1A2AC2038F6DB00E983F2 /* Release */,
			);
			defaultConfigurationIsVisible = 0;
			defaultConfigurationName = Release;
		};
/* End XCConfigurationList section */
	};
	rootObject = A5A1A2902038F6DB00E983F2 /* Project object */;
}
